// !$*UTF8*$!
{
	archiveVersion = 1;
	classes = {
	};
	objectVersion = 46;
	objects = {

/* Begin PBXBuildFile section */
		2A59E55C1ED3741B0029D402 /* RestaurantTableViewCell.swift in Sources */ = {isa = PBXBuildFile; fileRef = 2A59E55B1ED3741B0029D402 /* RestaurantTableViewCell.swift */; };
		2AEDD7E71ED22B36007E14BF /* AppDelegate.swift in Sources */ = {isa = PBXBuildFile; fileRef = 2AEDD7E61ED22B36007E14BF /* AppDelegate.swift */; };
		2AEDD7E91ED22B36007E14BF /* ViewController.swift in Sources */ = {isa = PBXBuildFile; fileRef = 2AEDD7E81ED22B36007E14BF /* ViewController.swift */; };
		2AEDD7EC1ED22B36007E14BF /* Main.storyboard in Resources */ = {isa = PBXBuildFile; fileRef = 2AEDD7EA1ED22B36007E14BF /* Main.storyboard */; };
		2AEDD7EE1ED22B36007E14BF /* Assets.xcassets in Resources */ = {isa = PBXBuildFile; fileRef = 2AEDD7ED1ED22B36007E14BF /* Assets.xcassets */; };
		2AEDD7F11ED22B36007E14BF /* LaunchScreen.storyboard in Resources */ = {isa = PBXBuildFile; fileRef = 2AEDD7EF1ED22B36007E14BF /* LaunchScreen.storyboard */; };
/* End PBXBuildFile section */

/* Begin PBXFileReference section */
		2A59E55B1ED3741B0029D402 /* RestaurantTableViewCell.swift */ = {isa = PBXFileReference; fileEncoding = 4; lastKnownFileType = sourcecode.swift; path = RestaurantTableViewCell.swift; sourceTree = "<group>"; };
		2AEDD7E31ED22B36007E14BF /* FoodPin.app */ = {isa = PBXFileReference; explicitFileType = wrapper.application; includeInIndex = 0; path = FoodPin.app; sourceTree = BUILT_PRODUCTS_DIR; };
		2AEDD7E61ED22B36007E14BF /* AppDelegate.swift */ = {isa = PBXFileReference; lastKnownFileType = sourcecode.swift; path = AppDelegate.swift; sourceTree = "<group>"; };
		2AEDD7E81ED22B36007E14BF /* ViewController.swift */ = {isa = PBXFileReference; lastKnownFileType = sourcecode.swift; path = ViewController.swift; sourceTree = "<group>"; };
		2AEDD7EB1ED22B36007E14BF /* Base */ = {isa = PBXFileReference; lastKnownFileType = file.storyboard; name = Base; path = Base.lproj/Main.storyboard; sourceTree = "<group>"; };
		2AEDD7ED1ED22B36007E14BF /* Assets.xcassets */ = {isa = PBXFileReference; lastKnownFileType = folder.assetcatalog; path = Assets.xcassets; sourceTree = "<group>"; };
		2AEDD7F01ED22B36007E14BF /* Base */ = {isa = PBXFileReference; lastKnownFileType = file.storyboard; name = Base; path = Base.lproj/LaunchScreen.storyboard; sourceTree = "<group>"; };
		2AEDD7F21ED22B36007E14BF /* Info.plist */ = {isa = PBXFileReference; lastKnownFileType = text.plist.xml; path = Info.plist; sourceTree = "<group>"; };
/* End PBXFileReference section */

/* Begin PBXFrameworksBuildPhase section */
		2AEDD7E01ED22B36007E14BF /* Frameworks */ = {
			isa = PBXFrameworksBuildPhase;
			buildActionMask = 2147483647;
			files = (
			);
			runOnlyForDeploymentPostprocessing = 0;
		};
/* End PBXFrameworksBuildPhase section */

/* Begin PBXGroup section */
		2AEDD7DA1ED22B36007E14BF = {
			isa = PBXGroup;
			children = (
				2AEDD7E51ED22B36007E14BF /* FoodPin */,
				2AEDD7E41ED22B36007E14BF /* Products */,
			);
			sourceTree = "<group>";
		};
		2AEDD7E41ED22B36007E14BF /* Products */ = {
			isa = PBXGroup;
			children = (
				2AEDD7E31ED22B36007E14BF /* FoodPin.app */,
			);
			name = Products;
			sourceTree = "<group>";
		};
		2AEDD7E51ED22B36007E14BF /* FoodPin */ = {
			isa = PBXGroup;
			children = (
				2AEDD7E61ED22B36007E14BF /* AppDelegate.swift */,
				2AEDD7E81ED22B36007E14BF /* ViewController.swift */,
				2AEDD7EA1ED22B36007E14BF /* Main.storyboard */,
				2A59E55B1ED3741B0029D402 /* RestaurantTableViewCell.swift */,
				2AEDD7ED1ED22B36007E14BF /* Assets.xcassets */,
				2AEDD7EF1ED22B36007E14BF /* LaunchScreen.storyboard */,
				2AEDD7F21ED22B36007E14BF /* Info.plist */,
			);
			path = FoodPin;
			sourceTree = "<group>";
		};
/* End PBXGroup section */

/* Begin PBXNativeTarget section */
		2AEDD7E21ED22B36007E14BF /* FoodPin */ = {
			isa = PBXNativeTarget;
			buildConfigurationList = 2AEDD7F51ED22B37007E14BF /* Build configuration list for PBXNativeTarget "FoodPin" */;
			buildPhases = (
				2AEDD7DF1ED22B36007E14BF /* Sources */,
				2AEDD7E01ED22B36007E14BF /* Frameworks */,
				2AEDD7E11ED22B36007E14BF /* Resources */,
			);
			buildRules = (
			);
			dependencies = (
			);
			name = FoodPin;
			productName = FoodPin;
			productReference = 2AEDD7E31ED22B36007E14BF /* FoodPin.app */;
			productType = "com.apple.product-type.application";
		};
/* End PBXNativeTarget section */

/* Begin PBXProject section */
		2AEDD7DB1ED22B36007E14BF /* Project object */ = {
			isa = PBXProject;
			attributes = {
				LastSwiftUpdateCheck = 0830;
				LastUpgradeCheck = 0830;
				ORGANIZATIONNAME = "Mehul  Singhal ";
				TargetAttributes = {
					2AEDD7E21ED22B36007E14BF = {
						CreatedOnToolsVersion = 8.3.2;
						DevelopmentTeam = JN457GA6S7;
						ProvisioningStyle = Automatic;
					};
				};
			};
			buildConfigurationList = 2AEDD7DE1ED22B36007E14BF /* Build configuration list for PBXProject "FoodPin" */;
			compatibilityVersion = "Xcode 3.2";
			developmentRegion = English;
			hasScannedForEncodings = 0;
			knownRegions = (
				en,
				Base,
			);
			mainGroup = 2AEDD7DA1ED22B36007E14BF;
			productRefGroup = 2AEDD7E41ED22B36007E14BF /* Products */;
			projectDirPath = "";
			projectRoot = "";
			targets = (
				2AEDD7E21ED22B36007E14BF /* FoodPin */,
			);
		};
/* End PBXProject section */

/* Begin PBXResourcesBuildPhase section */
		2AEDD7E11ED22B36007E14BF /* Resources */ = {
			isa = PBXResourcesBuildPhase;
			buildActionMask = 2147483647;
			files = (
				2AEDD7F11ED22B36007E14BF /* LaunchScreen.storyboard in Resources */,
				2AEDD7EE1ED22B36007E14BF /* Assets.xcassets in Resources */,
				2AEDD7EC1ED22B36007E14BF /* Main.storyboard in Resources */,
			);
			runOnlyForDeploymentPostprocessing = 0;
		};
/* End PBXResourcesBuildPhase section */

/* Begin PBXSourcesBuildPhase section */
		2AEDD7DF1ED22B36007E14BF /* Sources */ = {
			isa = PBXSourcesBuildPhase;
			buildActionMask = 2147483647;
			files = (
				2AEDD7E91ED22B36007E14BF /* ViewController.swift in Sources */,
				2A59E55C1ED3741B0029D402 /* RestaurantTableViewCell.swift in Sources */,
				2AEDD7E71ED22B36007E14BF /* AppDelegate.swift in Sources */,
			);
			runOnlyForDeploymentPostprocessing = 0;
		};
/* End PBXSourcesBuildPhase section */

/* Begin PBXVariantGroup section */
		2AEDD7EA1ED22B36007E14BF /* Main.storyboard */ = {
			isa = PBXVariantGroup;
			children = (
				2AEDD7EB1ED22B36007E14BF /* Base */,
			);
			name = Main.storyboard;
			sourceTree = "<group>";
		};
		2AEDD7EF1ED22B36007E14BF /* LaunchScreen.storyboard */ = {
			isa = PBXVariantGroup;
			children = (
				2AEDD7F01ED22B36007E14BF /* Base */,
			);
			name = LaunchScreen.storyboard;
			sourceTree = "<group>";
		};
/* End PBXVariantGroup section */

/* Begin XCBuildConfiguration section */
		2AEDD7F31ED22B37007E14BF /* Debug */ = {
			isa = XCBuildConfiguration;
			buildSettings = {
				ALWAYS_SEARCH_USER_PATHS = NO;
				CLANG_ANALYZER_NONNULL = YES;
				CLANG_ANALYZER_NUMBER_OBJECT_CONVERSION = YES_AGGRESSIVE;
				CLANG_CXX_LANGUAGE_STANDARD = "gnu++0x";
				CLANG_CXX_LIBRARY = "libc++";
				CLANG_ENABLE_MODULES = YES;
				CLANG_ENABLE_OBJC_ARC = YES;
				CLANG_WARN_BOOL_CONVERSION = YES;
				CLANG_WARN_CONSTANT_CONVERSION = YES;
				CLANG_WARN_DIRECT_OBJC_ISA_USAGE = YES_ERROR;
				CLANG_WARN_DOCUMENTATION_COMMENTS = YES;
				CLANG_WARN_EMPTY_BODY = YES;
				CLANG_WARN_ENUM_CONVERSION = YES;
				CLANG_WARN_INFINITE_RECURSION = YES;
				CLANG_WARN_INT_CONVERSION = YES;
				CLANG_WARN_OBJC_ROOT_CLASS = YES_ERROR;
				CLANG_WARN_SUSPICIOUS_MOVE = YES;
				CLANG_WARN_UNREACHABLE_CODE = YES;
				CLANG_WARN__DUPLICATE_METHOD_MATCH = YES;
				"CODE_SIGN_IDENTITY[sdk=iphoneos*]" = "iPhone Developer";
				COPY_PHASE_STRIP = NO;
				DEBUG_INFORMATION_FORMAT = dwarf;
				ENABLE_STRICT_OBJC_MSGSEND = YES;
				ENABLE_TESTABILITY = YES;
				GCC_C_LANGUAGE_STANDARD = gnu99;
				GCC_DYNAMIC_NO_PIC = NO;
				GCC_NO_COMMON_BLOCKS = YES;
				GCC_OPTIMIZATION_LEVEL = 0;
				GCC_PREPROCESSOR_DEFINITIONS = (
					"DEBUG=1",
					"$(inherited)",
				);
				GCC_WARN_64_TO_32_BIT_CONVERSION = YES;
				GCC_WARN_ABOUT_RETURN_TYPE = YES_ERROR;
				GCC_WARN_UNDECLARED_SELECTOR = YES;
				GCC_WARN_UNINITIALIZED_AUTOS = YES_AGGRESSIVE;
				GCC_WARN_UNUSED_FUNCTION = YES;
				GCC_WARN_UNUSED_VARIABLE = YES;
				IPHONEOS_DEPLOYMENT_TARGET = 10.3;
				MTL_ENABLE_DEBUG_INFO = YES;
				ONLY_ACTIVE_ARCH = YES;
				SDKROOT = iphoneos;
				SWIFT_ACTIVE_COMPILATION_CONDITIONS = DEBUG;
				SWIFT_OPTIMIZATION_LEVEL = "-Onone";
				TARGETED_DEVICE_FAMILY = "1,2";
			};
			name = Debug;
		};
		2AEDD7F41ED22B37007E14BF /* Release */ = {
			isa = XCBuildConfiguration;
			buildSettings = {
				ALWAYS_SEARCH_USER_PATHS = NO;
				CLANG_ANALYZER_NONNULL = YES;
				CLANG_ANALYZER_NUMBER_OBJECT_CONVERSION = YES_AGGRESSIVE;
				CLANG_CXX_LANGUAGE_STANDARD = "gnu++0x";
				CLANG_CXX_LIBRARY = "libc++";
				CLANG_ENABLE_MODULES = YES;
				CLANG_ENABLE_OBJC_ARC = YES;
				CLANG_WARN_BOOL_CONVERSION = YES;
				CLANG_WARN_CONSTANT_CONVERSION = YES;
				CLANG_WARN_DIRECT_OBJC_ISA_USAGE = YES_ERROR;
				CLANG_WARN_DOCUMENTATION_COMMENTS = YES;
				CLANG_WARN_EMPTY_BODY = YES;
				CLANG_WARN_ENUM_CONVERSION = YES;
				CLANG_WARN_INFINITE_RECURSION = YES;
				CLANG_WARN_INT_CONVERSION = YES;
				CLANG_WARN_OBJC_ROOT_CLASS = YES_ERROR;
				CLANG_WARN_SUSPICIOUS_MOVE = YES;
				CLANG_WARN_UNREACHABLE_CODE = YES;
				CLANG_WARN__DUPLICATE_METHOD_MATCH = YES;
				"CODE_SIGN_IDENTITY[sdk=iphoneos*]" = "iPhone Developer";
				COPY_PHASE_STRIP = NO;
				DEBUG_INFORMATION_FORMAT = "dwarf-with-dsym";
				ENABLE_NS_ASSERTIONS = NO;
				ENABLE_STRICT_OBJC_MSGSEND = YES;
				GCC_C_LANGUAGE_STANDARD = gnu99;
				GCC_NO_COMMON_BLOCKS = YES;
				GCC_WARN_64_TO_32_BIT_CONVERSION = YES;
				GCC_WARN_ABOUT_RETURN_TYPE = YES_ERROR;
				GCC_WARN_UNDECLARED_SELECTOR = YES;
				GCC_WARN_UNINITIALIZED_AUTOS = YES_AGGRESSIVE;
				GCC_WARN_UNUSED_FUNCTION = YES;
				GCC_WARN_UNUSED_VARIABLE = YES;
				IPHONEOS_DEPLOYMENT_TARGET = 10.3;
				MTL_ENABLE_DEBUG_INFO = NO;
				SDKROOT = iphoneos;
				SWIFT_OPTIMIZATION_LEVEL = "-Owholemodule";
				TARGETED_DEVICE_FAMILY = "1,2";
				VALIDATE_PRODUCT = YES;
			};
			name = Release;
		};
		2AEDD7F61ED22B37007E14BF /* Debug */ = {
			isa = XCBuildConfiguration;
			buildSettings = {
				ASSETCATALOG_COMPILER_APPICON_NAME = AppIcon;
				DEVELOPMENT_TEAM = JN457GA6S7;
				INFOPLIST_FILE = FoodPin/Info.plist;
				LD_RUNPATH_SEARCH_PATHS = "$(inherited) @executable_path/Frameworks";
				PRODUCT_BUNDLE_IDENTIFIER = DrunkenLord.FoodPin;
				PRODUCT_NAME = "$(TARGET_NAME)";
				SWIFT_VERSION = 3.0;
			};
			name = Debug;
		};
		2AEDD7F71ED22B37007E14BF /* Release */ = {
			isa = XCBuildConfiguration;
			buildSettings = {
				ASSETCATALOG_COMPILER_APPICON_NAME = AppIcon;
				DEVELOPMENT_TEAM = JN457GA6S7;
				INFOPLIST_FILE = FoodPin/Info.plist;
				LD_RUNPATH_SEARCH_PATHS = "$(inherited) @executable_path/Frameworks";
				PRODUCT_BUNDLE_IDENTIFIER = DrunkenLord.FoodPin;
				PRODUCT_NAME = "$(TARGET_NAME)";
				SWIFT_VERSION = 3.0;
			};
			name = Release;
		};
/* End XCBuildConfiguration section */

/* Begin XCConfigurationList section */
		2AEDD7DE1ED22B36007E14BF /* Build configuration list for PBXProject "FoodPin" */ = {
			isa = XCConfigurationList;
			buildConfigurations = (
				2AEDD7F31ED22B37007E14BF /* Debug */,
				2AEDD7F41ED22B37007E14BF /* Release */,
			);
			defaultConfigurationIsVisible = 0;
			defaultConfigurationName = Release;
		};
		2AEDD7F51ED22B37007E14BF /* Build configuration list for PBXNativeTarget "FoodPin" */ = {
			isa = XCConfigurationList;
			buildConfigurations = (
				2AEDD7F61ED22B37007E14BF /* Debug */,
				2AEDD7F71ED22B37007E14BF /* Release */,
			);
			defaultConfigurationIsVisible = 0;
			defaultConfigurationName = Release;
		};
/* End XCConfigurationList section */
	};
	rootObject = 2AEDD7DB1ED22B36007E14BF /* Project object */;
}
